<?xml version="1.0" encoding="utf-8"?>
<Project ToolsVersion="4.0" xmlns="http://schemas.microsoft.com/developer/msbuild/2003">
  <ItemGroup>
    <Filter Include="src">
      <UniqueIdentifier>{fb198676-cf81-4247-b06d-b3663e4f5359}</UniqueIdentifier>
    </Filter>
    <Filter Include="src\core">
      <UniqueIdentifier>{41d9ef74-e6ee-461e-98c7-ddbd76e2c0bf}</UniqueIdentifier>
    </Filter>
    <Filter Include="src\audio">
      <UniqueIdentifier>{1bc91777-d94e-4aea-b6f1-6b5c25fb95d4}</UniqueIdentifier>
    </Filter>
    <Filter Include="src\world">
      <UniqueIdentifier>{db684e9b-c433-4632-aac1-6039f455d27e}</UniqueIdentifier>
    </Filter>
    <Filter Include="src\debug">
      <UniqueIdentifier>{212815f3-a336-4cb4-8d10-bbb862e76792}</UniqueIdentifier>
    </Filter>
    <Filter Include="src\render">
      <UniqueIdentifier>{6a30af24-b538-44e1-82e9-ab3f36e46e3c}</UniqueIdentifier>
    </Filter>
    <Filter Include="src\entity">
      <UniqueIdentifier>{2c03b06b-b14b-4e80-b52c-2730b29c28d2}</UniqueIdentifier>
    </Filter>
    <Filter Include="src\test">
      <UniqueIdentifier>{48b8b006-0417-4fd5-90b1-546b9ef4b53e}</UniqueIdentifier>
    </Filter>
    <Filter Include="about">
      <UniqueIdentifier>{67DA6AB6-F800-4c08-8B7A-83BB121AAD01}</UniqueIdentifier>
      <Extensions>rc;ico;cur;bmp;dlg;rc2;rct;bin;rgs;gif;jpg;jpeg;jpe;resx;tiff;tif;png;wav;mfcribbon-ms</Extensions>
    </Filter>
    <Filter Include="src\components">
      <UniqueIdentifier>{00f5cf43-efef-4477-9cd5-396e84b8cb77}</UniqueIdentifier>
    </Filter>
    <Filter Include="assets">
      <UniqueIdentifier>{d1fc4a27-9bae-47c4-aca9-c27cda8a1d5d}</UniqueIdentifier>
    </Filter>
    <Filter Include="src\utils">
      <UniqueIdentifier>{ac397bec-b417-4a07-98a1-db8ea135b882}</UniqueIdentifier>
    </Filter>
    <Filter Include="src\states">
      <UniqueIdentifier>{6fa32b31-55af-41bc-a21e-74345316c885}</UniqueIdentifier>
    </Filter>
    <Filter Include="src\render\text">
      <UniqueIdentifier>{7391743e-ab37-491e-8a7f-b7f6a4fa4d13}</UniqueIdentifier>
    </Filter>
    <Filter Include="src\render\2dObj">
      <UniqueIdentifier>{fa20a39f-be4d-4523-b0d9-158cd0f39488}</UniqueIdentifier>
    </Filter>
    <Filter Include="src\render\3dObj">
      <UniqueIdentifier>{fed4c3ed-7e17-4fa9-b9a5-4157a9c8d8f6}</UniqueIdentifier>
    </Filter>
    <Filter Include="src\states\basic">
      <UniqueIdentifier>{542ff764-4315-49a0-9aa3-6ac46fab596f}</UniqueIdentifier>
    </Filter>
    <Filter Include="src\states\flashscreen">
      <UniqueIdentifier>{fa611d2e-fca2-43a1-abbe-1262737cf7fd}</UniqueIdentifier>
    </Filter>
    <Filter Include="src\states\menuState">
      <UniqueIdentifier>{e4a944be-fe0f-4805-8f46-eb46fc1ef5ca}</UniqueIdentifier>
    </Filter>
    <Filter Include="src\states\settingState">
      <UniqueIdentifier>{6728d466-db52-481c-af50-bb452d44cf6d}</UniqueIdentifier>
    </Filter>
    <Filter Include="src\states\slide">
      <UniqueIdentifier>{dff93193-a22f-4db6-a397-870ce2b35463}</UniqueIdentifier>
    </Filter>
    <Filter Include="src\states\gameState">
      <UniqueIdentifier>{51bad6c2-1aee-46af-8595-ded15a10a9c1}</UniqueIdentifier>
    </Filter>
    <Filter Include="assets\font">
      <UniqueIdentifier>{5d6bf49f-4b1c-45f6-91ae-2862ea122cc8}</UniqueIdentifier>
    </Filter>
    <Filter Include="assets\render">
      <UniqueIdentifier>{ee7f7cca-27b2-429c-ab54-9e2e8c33fd81}</UniqueIdentifier>
    </Filter>
    <Filter Include="assets\logo">
      <UniqueIdentifier>{aa2d17f7-2d40-41bd-b276-9aa993b10e86}</UniqueIdentifier>
    </Filter>
    <Filter Include="src\render\image">
      <UniqueIdentifier>{227d576d-edb6-4184-a6ef-bd9807fe180c}</UniqueIdentifier>
    </Filter>
    <Filter Include="src\net">
      <UniqueIdentifier>{9260a6cd-27f4-45f3-9c6f-7d4fe8209fd9}</UniqueIdentifier>
    </Filter>
    <Filter Include="src\UI">
      <UniqueIdentifier>{7a0db497-2398-4260-acf2-a0353151ae87}</UniqueIdentifier>
    </Filter>
    <Filter Include="assets\slide">
      <UniqueIdentifier>{e8b2e6a6-08b1-4b21-9bda-771ca94d29ed}</UniqueIdentifier>
    </Filter>
    <Filter Include="assets\dependencies">
      <UniqueIdentifier>{b4a8c599-500c-4cf0-a1e1-8afd15bc66e4}</UniqueIdentifier>
    </Filter>
    <Filter Include="src\states\singleGameStarter">
      <UniqueIdentifier>{94628878-0744-49ad-897c-c442e7cc948f}</UniqueIdentifier>
    </Filter>
    <Filter Include="src\states\netGameStarter">
      <UniqueIdentifier>{837b224e-4fcf-4585-86f1-6525611bea08}</UniqueIdentifier>
    </Filter>
    <Filter Include="src\states\gameLoader">
      <UniqueIdentifier>{ea40a907-1e4c-46ae-9921-816ed7f85590}</UniqueIdentifier>
    </Filter>
    <Filter Include="src\render\physics">
      <UniqueIdentifier>{7ce66ec8-a2ef-4f19-96eb-a70e3268ab41}</UniqueIdentifier>
    </Filter>
    <Filter Include="src\states\loadingTransition">
      <UniqueIdentifier>{66c96149-6914-441e-b47c-a571a17d3fd6}</UniqueIdentifier>
    </Filter>
  </ItemGroup>
  <ItemGroup>
    <ClCompile Include="src\core\main.cpp">
      <Filter>src\core</Filter>
    </ClCompile>
    <ClCompile Include="src\render\Camera.cpp">
      <Filter>src\render</Filter>
    </ClCompile>
    <ClCompile Include="src\world\Chunk.cpp">
      <Filter>src\world</Filter>
    </ClCompile>
    <ClCompile Include="src\debug\Console.cpp">
      <Filter>src\debug</Filter>
    </ClCompile>
    <ClCompile Include="src\entity\dynamicObj.cpp">
      <Filter>src\entity</Filter>
    </ClCompile>
    <ClCompile Include="src\world\World.cpp">
      <Filter>src\world</Filter>
    </ClCompile>
    <ClCompile Include="src\entity\staticObj.cpp">
      <Filter>src\entity</Filter>
    </ClCompile>
    <ClCompile Include="src\render\Shader.cpp">
      <Filter>src\render</Filter>
    </ClCompile>
    <ClCompile Include="src\core\GameController.cpp">
      <Filter>src\core</Filter>
    </ClCompile>
    <ClCompile Include="src\utils\Noise.cpp">
      <Filter>src\utils</Filter>
    </ClCompile>
    <ClCompile Include="src\audio\Music.cpp">
      <Filter>src\audio</Filter>
    </ClCompile>
    <ClCompile Include="src\components\Button.cpp">
      <Filter>src\components</Filter>
    </ClCompile>
    <ClCompile Include="src\components\TextInput.cpp">
      <Filter>src\components</Filter>
    </ClCompile>
    <ClCompile Include="src\render\text\TextRender.cpp">
      <Filter>src\render\text</Filter>
    </ClCompile>
    <ClCompile Include="src\states\flashScreen\FlashScreen.cpp">
      <Filter>src\states\flashscreen</Filter>
    </ClCompile>
    <ClCompile Include="src\states\gameState\GameState.cpp">
      <Filter>src\states\gameState</Filter>
    </ClCompile>
    <ClCompile Include="src\states\menuState\MenuState.cpp">
      <Filter>src\states\menuState</Filter>
    </ClCompile>
    <ClCompile Include="src\render\2dObj\RectRender.cpp">
      <Filter>src\render\2dObj</Filter>
    </ClCompile>
    <ClCompile Include="src\states\settingState\SettingState.cpp">
      <Filter>src\states\settingState</Filter>
    </ClCompile>
    <ClCompile Include="src\states\slide\SlideState.cpp">
      <Filter>src\states\slide</Filter>
    </ClCompile>
    <ClCompile Include="src\render\image\ImageRender.cpp">
      <Filter>src\render\image</Filter>
    </ClCompile>
    <ClCompile Include="src\core\GameConfig.cpp">
      <Filter>src\core</Filter>
    </ClCompile>
    <ClCompile Include="src\states\gameLoader\GameLoader.cpp">
      <Filter>src\states\gameLoader</Filter>
    </ClCompile>
    <ClCompile Include="src\states\netGameStarter\netGameStarter.cpp">
      <Filter>src\states\netGameStarter</Filter>
    </ClCompile>
    <ClCompile Include="src\states\singleGameStarter\SingleGameStarter.cpp">
      <Filter>src\states\singleGameStarter</Filter>
    </ClCompile>
    <ClCompile Include="src\core\InputManager.cpp">
      <Filter>src\core</Filter>
    </ClCompile>
    <ClCompile Include="src\utils\GLFWextension.cpp">
      <Filter>src\utils</Filter>
    </ClCompile>
    <ClCompile Include="src\states\loadingTransition\loadingTransition.cpp">
      <Filter>src\states\loadingTransition</Filter>
    </ClCompile>
  </ItemGroup>
  <ItemGroup>
    <ClInclude Include="src\components\Button.h">
      <Filter>src\components</Filter>
    </ClInclude>
    <ClInclude Include="src\render\Camera.h">
      <Filter>src\render</Filter>
    </ClInclude>
    <ClInclude Include="src\world\Chunk.h">
      <Filter>src\world</Filter>
    </ClInclude>
    <ClInclude Include="src\debug\Console.h">
      <Filter>src\debug</Filter>
    </ClInclude>
    <ClInclude Include="src\entity\dynamicObj.h">
      <Filter>src\entity</Filter>
    </ClInclude>
    <ClInclude Include="src\world\World.h">
      <Filter>src\world</Filter>
    </ClInclude>
    <ClInclude Include="src\test\Test.h">
      <Filter>src\test</Filter>
    </ClInclude>
    <ClInclude Include="src\entity\staticObj.h">
      <Filter>src\entity</Filter>
    </ClInclude>
    <ClInclude Include="src\render\Shader.h">
      <Filter>src\render</Filter>
    </ClInclude>
    <ClInclude Include="src\core\GameController.h">
      <Filter>src\core</Filter>
    </ClInclude>
    <ClInclude Include="src\utils\Noise.h">
      <Filter>src\utils</Filter>
    </ClInclude>
    <ClInclude Include="src\audio\Music.h">
      <Filter>src\audio</Filter>
    </ClInclude>
    <ClInclude Include="src\components\TextInput.h">
      <Filter>src\components</Filter>
    </ClInclude>
    <ClInclude Include="src\render\text\TextRender.h">
      <Filter>src\render\text</Filter>
    </ClInclude>
    <ClInclude Include="src\states\flashScreen\FlashScreen.h">
      <Filter>src\states\flashscreen</Filter>
    </ClInclude>
    <ClInclude Include="src\states\gameState\GameState.h">
      <Filter>src\states\gameState</Filter>
    </ClInclude>
    <ClInclude Include="src\states\menuState\MenuState.h">
      <Filter>src\states\menuState</Filter>
    </ClInclude>
    <ClInclude Include="src\render\2dObj\RectRender.h">
      <Filter>src\render\2dObj</Filter>
    </ClInclude>
    <ClInclude Include="src\states\slide\SlideState.h">
      <Filter>src\states\slide</Filter>
    </ClInclude>
    <ClInclude Include="src\states\settingState\SettingState.h">
      <Filter>src\states\settingState</Filter>
    </ClInclude>
    <ClInclude Include="src\states\basic\State.h">
      <Filter>src\states\basic</Filter>
    </ClInclude>
    <ClInclude Include="src\render\image\ImageRender.h">
      <Filter>src\render\image</Filter>
    </ClInclude>
    <ClInclude Include="src\core\gameConfig.h">
      <Filter>src\core</Filter>
    </ClInclude>
    <ClInclude Include="src\states\gameLoader\GameLoader.h">
      <Filter>src\states\gameLoader</Filter>
    </ClInclude>
    <ClInclude Include="src\states\netGameStarter\netGameStarter.h">
      <Filter>src\states\netGameStarter</Filter>
    </ClInclude>
    <ClInclude Include="src\states\singleGameStarter\SingleGameStarter.h">
      <Filter>src\states\singleGameStarter</Filter>
    </ClInclude>
    <ClInclude Include="src\core\InputManager.h">
      <Filter>src\core</Filter>
    </ClInclude>
    <ClInclude Include="src\utils\GLFWextension.h">
      <Filter>src\utils</Filter>
    </ClInclude>
    <ClInclude Include="src\states\loadingTransition\loadingTransition.h">
      <Filter>src\states\loadingTransition</Filter>
    </ClInclude>
  </ItemGroup>
  <ItemGroup>
    <None Include="readme.md">
      <Filter>about</Filter>
    </None>
    <None Include="assets\render\fragment.glsl">
      <Filter>assets\render</Filter>
    </None>
    <None Include="assets\render\rect_fragment.glsl">
      <Filter>assets\render</Filter>
    </None>
    <None Include="assets\render\rect_vertex.glsl">
      <Filter>assets\render</Filter>
    </None>
    <None Include="assets\render\text_fragment.glsl">
      <Filter>assets\render</Filter>
    </None>
    <None Include="assets\render\text_vertex.glsl">
      <Filter>assets\render</Filter>
    </None>
    <None Include="assets\render\image_fragment.glsl">
      <Filter>assets\render</Filter>
    </None>
    <None Include="assets\render\image_vertex.glsl">
      <Filter>assets\render</Filter>
    </None>
    <None Include="assets\render\vertex.glsl">
      <Filter>src</Filter>
    </None>
    <None Include="assets\render\blur_fragment.glsl">
      <Filter>assets\render</Filter>
    </None>
    <None Include="assets\render\blur_vertex.glsl">
      <Filter>assets\render</Filter>
    </None>
  </ItemGroup>
  <ItemGroup>
    <Font Include="assets\font\pixelFont.ttf">
      <Filter>assets\font</Filter>
    </Font>
  </ItemGroup>
  <ItemGroup>
    <Image Include="assets\logo\Catrix_Engine.png">
      <Filter>assets\logo</Filter>
    </Image>
    <Image Include="assets\slide\slide_engine.png">
      <Filter>assets\slide</Filter>
    </Image>
    <Image Include="assets\slide\slide_game_back.png">
      <Filter>assets\slide</Filter>
    </Image>
    <Image Include="assets\logo\logo.ico">
      <Filter>assets\logo</Filter>
    </Image>
    <Image Include="assets\logo\logo.png">
      <Filter>assets\logo</Filter>
    </Image>
    <Image Include="assets\logo\blockverse_title.png">
      <Filter>assets\logo</Filter>
    </Image>
    <Image Include="assets\logo\blockverse_logo.png">
      <Filter>assets\logo</Filter>
    </Image>
    <Image Include="assets\logo\slide_game.png">
      <Filter>assets\slide</Filter>
    </Image>
  </ItemGroup>
</Project>